
Microsoft Visual Studio Solution File, Format Version 12.00
# Visual Studio Version 17
VisualStudioVersion = 17.13.35806.99 d17.13
MinimumVisualStudioVersion = 10.0.40219.1
Project("{FAE04EC0-301F-11D3-BF4B-00C04F79EFBC}") = "APIshka", "APIshka\APIshka.csproj", "{B5FB63CD-2B44-450E-85CC-515D644E0906}"
EndProject
Global
	GlobalSection(SolutionConfigurationPlatforms) = preSolution
		Debug|Any CPU = Debug|Any CPU
		Release|Any CPU = Release|Any CPU
	EndGlobalSection
	GlobalSection(ProjectConfigurationPlatforms) = postSolution
		{B5FB63CD-2B44-450E-85CC-515D644E0906}.Debug|Any CPU.ActiveCfg = Debug|Any CPU
		{B5FB63CD-2B44-450E-85CC-515D644E0906}.Debug|Any CPU.Build.0 = Debug|Any CPU
		{B5FB63CD-2B44-450E-85CC-515D644E0906}.Release|Any CPU.ActiveCfg = Release|Any CPU
		{B5FB63CD-2B44-450E-85CC-515D644E0906}.Release|Any CPU.Build.0 = Release|Any CPU
	EndGlobalSection
	GlobalSection(SolutionProperties) = preSolution
		HideSolutionNode = FALSE
	EndGlobalSection
	GlobalSection(ExtensibilityGlobals) = postSolution
		SolutionGuid = {AC244821-B6FF-4D97-A52F-45E1888EFA6C}
	EndGlobalSection
EndGlobal
